// !$*UTF8*$!
{
	archiveVersion = 1;
	classes = {
	};
	objectVersion = 46;
	objects = {

/* Begin PBXBuildFile section */
		055632301E68BC7300CE1AD7 /* Diagnostics.AboutWindowController.xib in Resources */ = {isa = PBXBuildFile; fileRef = 0556322E1E68BC7300CE1AD7 /* Diagnostics.AboutWindowController.xib */; };
		0556324B1E69C0C500CE1AD7 /* Diagnostics.icns in Resources */ = {isa = PBXBuildFile; fileRef = 0556324A1E69C0C500CE1AD7 /* Diagnostics.icns */; };
		0556512A1F87D0430068EA35 /* ApplicationDelegate.swift in Sources */ = {isa = PBXBuildFile; fileRef = 055651291F87D0430068EA35 /* ApplicationDelegate.swift */; };
		0556512C1F87D6560068EA35 /* PreferencesWindowController.swift in Sources */ = {isa = PBXBuildFile; fileRef = 0556512B1F87D6560068EA35 /* PreferencesWindowController.swift */; };
		0556512E1F87E4EF0068EA35 /* Preferences.swift in Sources */ = {isa = PBXBuildFile; fileRef = 0556512D1F87E4EE0068EA35 /* Preferences.swift */; };
		055651301F87F8310068EA35 /* MainWindowController.swift in Sources */ = {isa = PBXBuildFile; fileRef = 0556512F1F87F8310068EA35 /* MainWindowController.swift */; };
		055F18761F88F3D600EBDEE1 /* NSArrayController.swift in Sources */ = {isa = PBXBuildFile; fileRef = 055F18751F88F3D600EBDEE1 /* NSArrayController.swift */; };
		055F18801F89066300EBDEE1 /* GitHubUpdates.framework in Frameworks */ = {isa = PBXBuildFile; fileRef = 055F187D1F89065900EBDEE1 /* GitHubUpdates.framework */; };
		055F18841F89067200EBDEE1 /* GitHubUpdates.framework in CopyFiles */ = {isa = PBXBuildFile; fileRef = 055F187D1F89065900EBDEE1 /* GitHubUpdates.framework */; settings = {ATTRIBUTES = (CodeSignOnCopy, RemoveHeadersOnCopy, ); }; };
		057DA9981E6B1AE500CD8732 /* Diagnostics.PreferencesWindowController.xib in Resources */ = {isa = PBXBuildFile; fileRef = 057DA9961E6B1AE500CD8732 /* Diagnostics.PreferencesWindowController.xib */; };
		057F157A1F86926000BD4BF8 /* Application.swift in Sources */ = {isa = PBXBuildFile; fileRef = 057F15791F86926000BD4BF8 /* Application.swift */; };
		057F157F1F86B6E300BD4BF8 /* ArrayCountIsGreaterThanOneValueTransformer.swift in Sources */ = {isa = PBXBuildFile; fileRef = 057F157E1F86B6E300BD4BF8 /* ArrayCountIsGreaterThanOneValueTransformer.swift */; };
		057F15811F86B99500BD4BF8 /* ArrayCountIsOneValueTransformer.swift in Sources */ = {isa = PBXBuildFile; fileRef = 057F15801F86B99500BD4BF8 /* ArrayCountIsOneValueTransformer.swift */; };
		057F15831F86B9C900BD4BF8 /* ArrayCountStringValueTransformer.swift in Sources */ = {isa = PBXBuildFile; fileRef = 057F15821F86B9C900BD4BF8 /* ArrayCountStringValueTransformer.swift */; };
		057F15851F86BACC00BD4BF8 /* ArrayCountValueTransformer.swift in Sources */ = {isa = PBXBuildFile; fileRef = 057F15841F86BACC00BD4BF8 /* ArrayCountValueTransformer.swift */; };
		057F15871F86BB4500BD4BF8 /* ArrayIsEmptyValueTransformer.swift in Sources */ = {isa = PBXBuildFile; fileRef = 057F15861F86BB4500BD4BF8 /* ArrayIsEmptyValueTransformer.swift */; };
		057F15891F86BB8700BD4BF8 /* ArrayIsNotEmptyValueTransformer.swift in Sources */ = {isa = PBXBuildFile; fileRef = 057F15881F86BB8700BD4BF8 /* ArrayIsNotEmptyValueTransformer.swift */; };
		057F158B1F86BD1A00BD4BF8 /* DiagnosticReportGroup.swift in Sources */ = {isa = PBXBuildFile; fileRef = 057F158A1F86BD1A00BD4BF8 /* DiagnosticReportGroup.swift */; };
		05C34B511E660EF1000A7026 /* MainMenu.xib in Resources */ = {isa = PBXBuildFile; fileRef = 05C34B4E1E660EE4000A7026 /* MainMenu.xib */; };
		05C34B591E6612BA000A7026 /* Diagnostics.MainWindowController.xib in Resources */ = {isa = PBXBuildFile; fileRef = 05C34B571E6612BA000A7026 /* Diagnostics.MainWindowController.xib */; };
		05C45ED81E6750F9003C83B1 /* Defaults.plist in Resources */ = {isa = PBXBuildFile; fileRef = 05C45ED71E6750F9003C83B1 /* Defaults.plist */; };
		05D727641F86D5C200D58AF7 /* DiagnosticReport.swift in Sources */ = {isa = PBXBuildFile; fileRef = 05D727631F86D5C200D58AF7 /* DiagnosticReport.swift */; };
		05DFC7E71F8690E0002E9F6A /* AboutWindowController.swift in Sources */ = {isa = PBXBuildFile; fileRef = 05DFC7E61F8690E0002E9F6A /* AboutWindowController.swift */; };
		05EE15D41EBCE2F4004AED58 /* Cocoa.framework in Frameworks */ = {isa = PBXBuildFile; fileRef = 05EE15D31EBCE2F4004AED58 /* Cocoa.framework */; };
		05EE15D61EBCE308004AED58 /* QuickLook.framework in Frameworks */ = {isa = PBXBuildFile; fileRef = 05EE15D51EBCE308004AED58 /* QuickLook.framework */; };
		05EE15D81EBCE312004AED58 /* Quartz.framework in Frameworks */ = {isa = PBXBuildFile; fileRef = 05EE15D71EBCE312004AED58 /* Quartz.framework */; };
/* End PBXBuildFile section */

/* Begin PBXContainerItemProxy section */
		055F187C1F89065900EBDEE1 /* PBXContainerItemProxy */ = {
			isa = PBXContainerItemProxy;
			containerPortal = 055F18771F89065800EBDEE1 /* GitHubUpdates.xcodeproj */;
			proxyType = 2;
			remoteGlobalIDString = 05F82B251EF32EA700EC8A93;
			remoteInfo = GitHubUpdates;
		};
		055F187E1F89065900EBDEE1 /* PBXContainerItemProxy */ = {
			isa = PBXContainerItemProxy;
			containerPortal = 055F18771F89065800EBDEE1 /* GitHubUpdates.xcodeproj */;
			proxyType = 2;
			remoteGlobalIDString = 0555EBA01EF3DDA10016167F;
			remoteInfo = Relauncher;
		};
		055F18811F89066600EBDEE1 /* PBXContainerItemProxy */ = {
			isa = PBXContainerItemProxy;
			containerPortal = 055F18771F89065800EBDEE1 /* GitHubUpdates.xcodeproj */;
			proxyType = 1;
			remoteGlobalIDString = 05F82B241EF32EA700EC8A93;
			remoteInfo = GitHubUpdates;
		};
/* End PBXContainerItemProxy section */

/* Begin PBXCopyFilesBuildPhase section */
		055F18831F89066D00EBDEE1 /* CopyFiles */ = {
			isa = PBXCopyFilesBuildPhase;
			buildActionMask = 2147483647;
			dstPath = "";
			dstSubfolderSpec = 10;
			files = (
				055F18841F89067200EBDEE1 /* GitHubUpdates.framework in CopyFiles */,
			);
			runOnlyForDeploymentPostprocessing = 0;
		};
/* End PBXCopyFilesBuildPhase section */

/* Begin PBXFileReference section */
		0524B1D02141A6C300470A81 /* Release - ccache.xcconfig */ = {isa = PBXFileReference; lastKnownFileType = text.xcconfig; path = "Release - ccache.xcconfig"; sourceTree = "<group>"; };
		0524B1D12141A6C300470A81 /* Common.xcconfig */ = {isa = PBXFileReference; lastKnownFileType = text.xcconfig; path = Common.xcconfig; sourceTree = "<group>"; };
		0524B1D22141A6C300470A81 /* Debug - ccache.xcconfig */ = {isa = PBXFileReference; lastKnownFileType = text.xcconfig; path = "Debug - ccache.xcconfig"; sourceTree = "<group>"; };
		0524B1D32141A6C300470A81 /* Debug.xcconfig */ = {isa = PBXFileReference; lastKnownFileType = text.xcconfig; path = Debug.xcconfig; sourceTree = "<group>"; };
		0524B1D42141A6C300470A81 /* Release.xcconfig */ = {isa = PBXFileReference; lastKnownFileType = text.xcconfig; path = Release.xcconfig; sourceTree = "<group>"; };
		0524B1D52141A6C300470A81 /* README.md */ = {isa = PBXFileReference; lastKnownFileType = net.daringfireball.markdown; path = README.md; sourceTree = "<group>"; };
		0524B1D72141A6C300470A81 /* Signing.xcconfig */ = {isa = PBXFileReference; lastKnownFileType = text.xcconfig; path = Signing.xcconfig; sourceTree = "<group>"; };
		0524B1D82141A6C300470A81 /* Architectures.xcconfig */ = {isa = PBXFileReference; lastKnownFileType = text.xcconfig; path = Architectures.xcconfig; sourceTree = "<group>"; };
		0524B1DA2141A6C300470A81 /* Issues.xcconfig */ = {isa = PBXFileReference; lastKnownFileType = text.xcconfig; path = Issues.xcconfig; sourceTree = "<group>"; };
		0524B1DC2141A6C300470A81 /* Apple-APIs.xcconfig */ = {isa = PBXFileReference; lastKnownFileType = text.xcconfig; path = "Apple-APIs.xcconfig"; sourceTree = "<group>"; };
		0524B1DD2141A6C300470A81 /* Generic-Issues.xcconfig */ = {isa = PBXFileReference; lastKnownFileType = text.xcconfig; path = "Generic-Issues.xcconfig"; sourceTree = "<group>"; };
		0524B1DE2141A6C300470A81 /* Security.xcconfig */ = {isa = PBXFileReference; lastKnownFileType = text.xcconfig; path = Security.xcconfig; sourceTree = "<group>"; };
		0524B1DF2141A6C300470A81 /* Objective-C.xcconfig */ = {isa = PBXFileReference; lastKnownFileType = text.xcconfig; path = "Objective-C.xcconfig"; sourceTree = "<group>"; };
		0524B1E02141A6C300470A81 /* Analysis-Policy.xcconfig */ = {isa = PBXFileReference; lastKnownFileType = text.xcconfig; path = "Analysis-Policy.xcconfig"; sourceTree = "<group>"; };
		0524B1E12141A6C300470A81 /* Deployment.xcconfig */ = {isa = PBXFileReference; lastKnownFileType = text.xcconfig; path = Deployment.xcconfig; sourceTree = "<group>"; };
		0524B1E22141A6C300470A81 /* Build-Options.xcconfig */ = {isa = PBXFileReference; lastKnownFileType = text.xcconfig; path = "Build-Options.xcconfig"; sourceTree = "<group>"; };
		0524B1E32141A6C300470A81 /* Swift-Compiler.xcconfig */ = {isa = PBXFileReference; lastKnownFileType = text.xcconfig; path = "Swift-Compiler.xcconfig"; sourceTree = "<group>"; };
		0524B1E42141A6C300470A81 /* Static-Analyzer.xcconfig */ = {isa = PBXFileReference; lastKnownFileType = text.xcconfig; path = "Static-Analyzer.xcconfig"; sourceTree = "<group>"; };
		0524B1E62141A6C300470A81 /* Warnings-Policies.xcconfig */ = {isa = PBXFileReference; lastKnownFileType = text.xcconfig; path = "Warnings-Policies.xcconfig"; sourceTree = "<group>"; };
		0524B1E72141A6C300470A81 /* Code-Generation.xcconfig */ = {isa = PBXFileReference; lastKnownFileType = text.xcconfig; path = "Code-Generation.xcconfig"; sourceTree = "<group>"; };
		0524B1E82141A6C300470A81 /* Language.xcconfig */ = {isa = PBXFileReference; lastKnownFileType = text.xcconfig; path = Language.xcconfig; sourceTree = "<group>"; };
		0524B1E92141A6C300470A81 /* General.xcconfig */ = {isa = PBXFileReference; lastKnownFileType = text.xcconfig; path = General.xcconfig; sourceTree = "<group>"; };
		0524B1EA2141A6C300470A81 /* Search-Paths.xcconfig */ = {isa = PBXFileReference; lastKnownFileType = text.xcconfig; path = "Search-Paths.xcconfig"; sourceTree = "<group>"; };
		0524B1EB2141A6C300470A81 /* Apple-LLVM.xcconfig */ = {isa = PBXFileReference; lastKnownFileType = text.xcconfig; path = "Apple-LLVM.xcconfig"; sourceTree = "<group>"; };
		0524B1EE2141A6C300470A81 /* Modules.xcconfig */ = {isa = PBXFileReference; lastKnownFileType = text.xcconfig; path = Modules.xcconfig; sourceTree = "<group>"; };
		0524B1EF2141A6C300470A81 /* Objective-C.xcconfig */ = {isa = PBXFileReference; lastKnownFileType = text.xcconfig; path = "Objective-C.xcconfig"; sourceTree = "<group>"; };
		0524B1F02141A6C300470A81 /* C++.xcconfig */ = {isa = PBXFileReference; lastKnownFileType = text.xcconfig; path = "C++.xcconfig"; sourceTree = "<group>"; };
		0524B1F12141A6C300470A81 /* Code-Generation.xcconfig */ = {isa = PBXFileReference; lastKnownFileType = text.xcconfig; path = "Code-Generation.xcconfig"; sourceTree = "<group>"; };
		0524B1F22141A6C300470A81 /* Address-Sanitizer.xcconfig */ = {isa = PBXFileReference; lastKnownFileType = text.xcconfig; path = "Address-Sanitizer.xcconfig"; sourceTree = "<group>"; };
		0524B1F32141A6C300470A81 /* Language.xcconfig */ = {isa = PBXFileReference; lastKnownFileType = text.xcconfig; path = Language.xcconfig; sourceTree = "<group>"; };
		0524B1F42141A6C300470A81 /* Warnings.xcconfig */ = {isa = PBXFileReference; lastKnownFileType = text.xcconfig; path = Warnings.xcconfig; sourceTree = "<group>"; };
		0524B1F52141A6C300470A81 /* Undefined-Behavior-Sanitizer.xcconfig */ = {isa = PBXFileReference; lastKnownFileType = text.xcconfig; path = "Undefined-Behavior-Sanitizer.xcconfig"; sourceTree = "<group>"; };
		0524B1F62141A6C300470A81 /* Warning-Policies.xcconfig */ = {isa = PBXFileReference; lastKnownFileType = text.xcconfig; path = "Warning-Policies.xcconfig"; sourceTree = "<group>"; };
		0524B1F82141A6C300470A81 /* Objective-C-ARC.xcconfig */ = {isa = PBXFileReference; lastKnownFileType = text.xcconfig; path = "Objective-C-ARC.xcconfig"; sourceTree = "<group>"; };
		0524B1F92141A6C300470A81 /* Objective-C.xcconfig */ = {isa = PBXFileReference; lastKnownFileType = text.xcconfig; path = "Objective-C.xcconfig"; sourceTree = "<group>"; };
		0524B1FA2141A6C300470A81 /* C++.xcconfig */ = {isa = PBXFileReference; lastKnownFileType = text.xcconfig; path = "C++.xcconfig"; sourceTree = "<group>"; };
		0524B1FB2141A6C300470A81 /* All-Languages.xcconfig */ = {isa = PBXFileReference; lastKnownFileType = text.xcconfig; path = "All-Languages.xcconfig"; sourceTree = "<group>"; };
		0524B1FC2141A6C300470A81 /* Preprocessing.xcconfig */ = {isa = PBXFileReference; lastKnownFileType = text.xcconfig; path = Preprocessing.xcconfig; sourceTree = "<group>"; };
		0524B1FD2141A6C300470A81 /* .gitignore */ = {isa = PBXFileReference; lastKnownFileType = text; path = .gitignore; sourceTree = "<group>"; };
		0524B1FF2141A6C300470A81 /* ccache-config.sh */ = {isa = PBXFileReference; lastKnownFileType = text.script.sh; path = "ccache-config.sh"; sourceTree = "<group>"; };
		0524B2002141A6C300470A81 /* ccache.sh */ = {isa = PBXFileReference; lastKnownFileType = text.script.sh; path = ccache.sh; sourceTree = "<group>"; };
		0556322F1E68BC7300CE1AD7 /* Base */ = {isa = PBXFileReference; lastKnownFileType = file.xib; name = Base; path = Base.lproj/Diagnostics.AboutWindowController.xib; sourceTree = "<group>"; };
		0556324A1E69C0C500CE1AD7 /* Diagnostics.icns */ = {isa = PBXFileReference; lastKnownFileType = image.icns; path = Diagnostics.icns; sourceTree = "<group>"; };
		055651291F87D0430068EA35 /* ApplicationDelegate.swift */ = {isa = PBXFileReference; lastKnownFileType = sourcecode.swift; path = ApplicationDelegate.swift; sourceTree = "<group>"; };
		0556512B1F87D6560068EA35 /* PreferencesWindowController.swift */ = {isa = PBXFileReference; lastKnownFileType = sourcecode.swift; path = PreferencesWindowController.swift; sourceTree = "<group>"; };
		0556512D1F87E4EE0068EA35 /* Preferences.swift */ = {isa = PBXFileReference; lastKnownFileType = sourcecode.swift; path = Preferences.swift; sourceTree = "<group>"; };
		0556512F1F87F8310068EA35 /* MainWindowController.swift */ = {isa = PBXFileReference; lastKnownFileType = sourcecode.swift; path = MainWindowController.swift; sourceTree = "<group>"; };
		055F18751F88F3D600EBDEE1 /* NSArrayController.swift */ = {isa = PBXFileReference; lastKnownFileType = sourcecode.swift; path = NSArrayController.swift; sourceTree = "<group>"; };
		055F18771F89065800EBDEE1 /* GitHubUpdates.xcodeproj */ = {isa = PBXFileReference; lastKnownFileType = "wrapper.pb-project"; name = GitHubUpdates.xcodeproj; path = Submodules/GitHubUpdates/GitHubUpdates.xcodeproj; sourceTree = "<group>"; };
		057DA9971E6B1AE500CD8732 /* Base */ = {isa = PBXFileReference; lastKnownFileType = file.xib; name = Base; path = Base.lproj/Diagnostics.PreferencesWindowController.xib; sourceTree = "<group>"; };
		057F15791F86926000BD4BF8 /* Application.swift */ = {isa = PBXFileReference; lastKnownFileType = sourcecode.swift; path = Application.swift; sourceTree = "<group>"; };
		057F157E1F86B6E300BD4BF8 /* ArrayCountIsGreaterThanOneValueTransformer.swift */ = {isa = PBXFileReference; lastKnownFileType = sourcecode.swift; path = ArrayCountIsGreaterThanOneValueTransformer.swift; sourceTree = "<group>"; };
		057F15801F86B99500BD4BF8 /* ArrayCountIsOneValueTransformer.swift */ = {isa = PBXFileReference; lastKnownFileType = sourcecode.swift; path = ArrayCountIsOneValueTransformer.swift; sourceTree = "<group>"; };
		057F15821F86B9C900BD4BF8 /* ArrayCountStringValueTransformer.swift */ = {isa = PBXFileReference; lastKnownFileType = sourcecode.swift; path = ArrayCountStringValueTransformer.swift; sourceTree = "<group>"; };
		057F15841F86BACC00BD4BF8 /* ArrayCountValueTransformer.swift */ = {isa = PBXFileReference; lastKnownFileType = sourcecode.swift; path = ArrayCountValueTransformer.swift; sourceTree = "<group>"; };
		057F15861F86BB4500BD4BF8 /* ArrayIsEmptyValueTransformer.swift */ = {isa = PBXFileReference; lastKnownFileType = sourcecode.swift; path = ArrayIsEmptyValueTransformer.swift; sourceTree = "<group>"; };
		057F15881F86BB8700BD4BF8 /* ArrayIsNotEmptyValueTransformer.swift */ = {isa = PBXFileReference; lastKnownFileType = sourcecode.swift; path = ArrayIsNotEmptyValueTransformer.swift; sourceTree = "<group>"; };
		057F158A1F86BD1A00BD4BF8 /* DiagnosticReportGroup.swift */ = {isa = PBXFileReference; lastKnownFileType = sourcecode.swift; path = DiagnosticReportGroup.swift; sourceTree = "<group>"; };
		05C34B361E660EA8000A7026 /* Diagnostics.app */ = {isa = PBXFileReference; explicitFileType = wrapper.application; includeInIndex = 0; path = Diagnostics.app; sourceTree = BUILT_PRODUCTS_DIR; };
		05C34B441E660EA8000A7026 /* Info.plist */ = {isa = PBXFileReference; lastKnownFileType = text.plist.xml; path = Info.plist; sourceTree = "<group>"; };
		05C34B4F1E660EE4000A7026 /* Base */ = {isa = PBXFileReference; lastKnownFileType = file.xib; name = Base; path = Base.lproj/MainMenu.xib; sourceTree = "<group>"; };
		05C34B531E661166000A7026 /* README.md */ = {isa = PBXFileReference; lastKnownFileType = net.daringfireball.markdown; path = README.md; sourceTree = "<group>"; };
		05C34B581E6612BA000A7026 /* Base */ = {isa = PBXFileReference; lastKnownFileType = file.xib; name = Base; path = Base.lproj/Diagnostics.MainWindowController.xib; sourceTree = "<group>"; };
		05C45ED71E6750F9003C83B1 /* Defaults.plist */ = {isa = PBXFileReference; fileEncoding = 4; lastKnownFileType = text.plist.xml; path = Defaults.plist; sourceTree = "<group>"; };
		05D727631F86D5C200D58AF7 /* DiagnosticReport.swift */ = {isa = PBXFileReference; lastKnownFileType = sourcecode.swift; path = DiagnosticReport.swift; sourceTree = "<group>"; };
		05DFC7E61F8690E0002E9F6A /* AboutWindowController.swift */ = {isa = PBXFileReference; fileEncoding = 4; lastKnownFileType = sourcecode.swift; path = AboutWindowController.swift; sourceTree = "<group>"; };
		05EE15D31EBCE2F4004AED58 /* Cocoa.framework */ = {isa = PBXFileReference; lastKnownFileType = wrapper.framework; name = Cocoa.framework; path = System/Library/Frameworks/Cocoa.framework; sourceTree = SDKROOT; };
		05EE15D51EBCE308004AED58 /* QuickLook.framework */ = {isa = PBXFileReference; lastKnownFileType = wrapper.framework; name = QuickLook.framework; path = System/Library/Frameworks/QuickLook.framework; sourceTree = SDKROOT; };
		05EE15D71EBCE312004AED58 /* Quartz.framework */ = {isa = PBXFileReference; lastKnownFileType = wrapper.framework; name = Quartz.framework; path = System/Library/Frameworks/Quartz.framework; sourceTree = SDKROOT; };
/* End PBXFileReference section */

/* Begin PBXFrameworksBuildPhase section */
		05C34B331E660EA8000A7026 /* Frameworks */ = {
			isa = PBXFrameworksBuildPhase;
			buildActionMask = 2147483647;
			files = (
				055F18801F89066300EBDEE1 /* GitHubUpdates.framework in Frameworks */,
				05EE15D81EBCE312004AED58 /* Quartz.framework in Frameworks */,
				05EE15D61EBCE308004AED58 /* QuickLook.framework in Frameworks */,
				05EE15D41EBCE2F4004AED58 /* Cocoa.framework in Frameworks */,
			);
			runOnlyForDeploymentPostprocessing = 0;
		};
/* End PBXFrameworksBuildPhase section */

/* Begin PBXGroup section */
		0524B1CF2141A6C300470A81 /* xcconfig */ = {
			isa = PBXGroup;
			children = (
				0524B1D02141A6C300470A81 /* Release - ccache.xcconfig */,
				0524B1D12141A6C300470A81 /* Common.xcconfig */,
				0524B1D22141A6C300470A81 /* Debug - ccache.xcconfig */,
				0524B1D32141A6C300470A81 /* Debug.xcconfig */,
				0524B1D42141A6C300470A81 /* Release.xcconfig */,
				0524B1D52141A6C300470A81 /* README.md */,
				0524B1D62141A6C300470A81 /* Common */,
				0524B1FD2141A6C300470A81 /* .gitignore */,
				0524B1FE2141A6C300470A81 /* Scripts */,
			);
			name = xcconfig;
			path = Submodules/xcconfig;
			sourceTree = "<group>";
		};
		0524B1D62141A6C300470A81 /* Common */ = {
			isa = PBXGroup;
			children = (
				0524B1D72141A6C300470A81 /* Signing.xcconfig */,
				0524B1D82141A6C300470A81 /* Architectures.xcconfig */,
				0524B1D92141A6C300470A81 /* Static-Analyzer */,
				0524B1E12141A6C300470A81 /* Deployment.xcconfig */,
				0524B1E22141A6C300470A81 /* Build-Options.xcconfig */,
				0524B1E32141A6C300470A81 /* Swift-Compiler.xcconfig */,
				0524B1E42141A6C300470A81 /* Static-Analyzer.xcconfig */,
				0524B1E52141A6C300470A81 /* Swift-Compiler */,
				0524B1EA2141A6C300470A81 /* Search-Paths.xcconfig */,
				0524B1EB2141A6C300470A81 /* Apple-LLVM.xcconfig */,
				0524B1EC2141A6C300470A81 /* Apple-LLVM */,
			);
			path = Common;
			sourceTree = "<group>";
		};
		0524B1D92141A6C300470A81 /* Static-Analyzer */ = {
			isa = PBXGroup;
			children = (
				0524B1DA2141A6C300470A81 /* Issues.xcconfig */,
				0524B1DB2141A6C300470A81 /* Issues */,
			);
			path = "Static-Analyzer";
			sourceTree = "<group>";
		};
		0524B1DB2141A6C300470A81 /* Issues */ = {
			isa = PBXGroup;
			children = (
				0524B1DC2141A6C300470A81 /* Apple-APIs.xcconfig */,
				0524B1DD2141A6C300470A81 /* Generic-Issues.xcconfig */,
				0524B1DE2141A6C300470A81 /* Security.xcconfig */,
				0524B1DF2141A6C300470A81 /* Objective-C.xcconfig */,
				0524B1E02141A6C300470A81 /* Analysis-Policy.xcconfig */,
			);
			path = Issues;
			sourceTree = "<group>";
		};
		0524B1E52141A6C300470A81 /* Swift-Compiler */ = {
			isa = PBXGroup;
			children = (
				0524B1E62141A6C300470A81 /* Warnings-Policies.xcconfig */,
				0524B1E72141A6C300470A81 /* Code-Generation.xcconfig */,
				0524B1E82141A6C300470A81 /* Language.xcconfig */,
				0524B1E92141A6C300470A81 /* General.xcconfig */,
			);
			path = "Swift-Compiler";
			sourceTree = "<group>";
		};
		0524B1EC2141A6C300470A81 /* Apple-LLVM */ = {
			isa = PBXGroup;
			children = (
				0524B1ED2141A6C300470A81 /* Language */,
				0524B1F12141A6C300470A81 /* Code-Generation.xcconfig */,
				0524B1F22141A6C300470A81 /* Address-Sanitizer.xcconfig */,
				0524B1F32141A6C300470A81 /* Language.xcconfig */,
				0524B1F42141A6C300470A81 /* Warnings.xcconfig */,
				0524B1F52141A6C300470A81 /* Undefined-Behavior-Sanitizer.xcconfig */,
				0524B1F62141A6C300470A81 /* Warning-Policies.xcconfig */,
				0524B1F72141A6C300470A81 /* Warnings */,
				0524B1FC2141A6C300470A81 /* Preprocessing.xcconfig */,
			);
			path = "Apple-LLVM";
			sourceTree = "<group>";
		};
		0524B1ED2141A6C300470A81 /* Language */ = {
			isa = PBXGroup;
			children = (
				0524B1EE2141A6C300470A81 /* Modules.xcconfig */,
				0524B1EF2141A6C300470A81 /* Objective-C.xcconfig */,
				0524B1F02141A6C300470A81 /* C++.xcconfig */,
			);
			path = Language;
			sourceTree = "<group>";
		};
		0524B1F72141A6C300470A81 /* Warnings */ = {
			isa = PBXGroup;
			children = (
				0524B1F82141A6C300470A81 /* Objective-C-ARC.xcconfig */,
				0524B1F92141A6C300470A81 /* Objective-C.xcconfig */,
				0524B1FA2141A6C300470A81 /* C++.xcconfig */,
				0524B1FB2141A6C300470A81 /* All-Languages.xcconfig */,
			);
			path = Warnings;
			sourceTree = "<group>";
		};
		0524B1FE2141A6C300470A81 /* Scripts */ = {
			isa = PBXGroup;
			children = (
				0524B1FF2141A6C300470A81 /* ccache-config.sh */,
				0524B2002141A6C300470A81 /* ccache.sh */,
			);
			path = Scripts;
			sourceTree = "<group>";
		};
		055F18781F89065800EBDEE1 /* Products */ = {
			isa = PBXGroup;
			children = (
				055F187D1F89065900EBDEE1 /* GitHubUpdates.framework */,
				055F187F1F89065900EBDEE1 /* Relauncher */,
			);
			name = Products;
			sourceTree = "<group>";
		};
		05C34B2D1E660EA8000A7026 = {
			isa = PBXGroup;
			children = (
				0524B1CF2141A6C300470A81 /* xcconfig */,
				055F18771F89065800EBDEE1 /* GitHubUpdates.xcodeproj */,
				05C34B531E661166000A7026 /* README.md */,
				05C34B381E660EA8000A7026 /* Diagnostics */,
				05C34B371E660EA8000A7026 /* Products */,
				05EE15D21EBCE2F4004AED58 /* Frameworks */,
			);
			sourceTree = "<group>";
		};
		05C34B371E660EA8000A7026 /* Products */ = {
			isa = PBXGroup;
			children = (
				05C34B361E660EA8000A7026 /* Diagnostics.app */,
			);
			name = Products;
			sourceTree = "<group>";
		};
		05C34B381E660EA8000A7026 /* Diagnostics */ = {
			isa = PBXGroup;
			children = (
				05C34B4A1E660EE4000A7026 /* Classes */,
				05C34B4D1E660EE4000A7026 /* Interface */,
				05C34B3C1E660EA8000A7026 /* Supporting Files */,
			);
			path = Diagnostics;
			sourceTree = "<group>";
		};
		05C34B3C1E660EA8000A7026 /* Supporting Files */ = {
			isa = PBXGroup;
			children = (
				05C34B441E660EA8000A7026 /* Info.plist */,
				05C45ED71E6750F9003C83B1 /* Defaults.plist */,
			);
			name = "Supporting Files";
			sourceTree = "<group>";
		};
		05C34B4A1E660EE4000A7026 /* Classes */ = {
			isa = PBXGroup;
			children = (
				05DFC7E61F8690E0002E9F6A /* AboutWindowController.swift */,
				057F15791F86926000BD4BF8 /* Application.swift */,
				055651291F87D0430068EA35 /* ApplicationDelegate.swift */,
				057F157E1F86B6E300BD4BF8 /* ArrayCountIsGreaterThanOneValueTransformer.swift */,
				057F15801F86B99500BD4BF8 /* ArrayCountIsOneValueTransformer.swift */,
				057F15821F86B9C900BD4BF8 /* ArrayCountStringValueTransformer.swift */,
				057F15841F86BACC00BD4BF8 /* ArrayCountValueTransformer.swift */,
				057F15861F86BB4500BD4BF8 /* ArrayIsEmptyValueTransformer.swift */,
				057F15881F86BB8700BD4BF8 /* ArrayIsNotEmptyValueTransformer.swift */,
				05D727631F86D5C200D58AF7 /* DiagnosticReport.swift */,
				057F158A1F86BD1A00BD4BF8 /* DiagnosticReportGroup.swift */,
				0556512F1F87F8310068EA35 /* MainWindowController.swift */,
				055F18751F88F3D600EBDEE1 /* NSArrayController.swift */,
				0556512D1F87E4EE0068EA35 /* Preferences.swift */,
				0556512B1F87D6560068EA35 /* PreferencesWindowController.swift */,
			);
			path = Classes;
			sourceTree = "<group>";
		};
		05C34B4D1E660EE4000A7026 /* Interface */ = {
			isa = PBXGroup;
			children = (
				0556324A1E69C0C500CE1AD7 /* Diagnostics.icns */,
				0556322E1E68BC7300CE1AD7 /* Diagnostics.AboutWindowController.xib */,
				05C34B4E1E660EE4000A7026 /* MainMenu.xib */,
				05C34B571E6612BA000A7026 /* Diagnostics.MainWindowController.xib */,
				057DA9961E6B1AE500CD8732 /* Diagnostics.PreferencesWindowController.xib */,
			);
			path = Interface;
			sourceTree = "<group>";
		};
		05EE15D21EBCE2F4004AED58 /* Frameworks */ = {
			isa = PBXGroup;
			children = (
				05EE15D71EBCE312004AED58 /* Quartz.framework */,
				05EE15D51EBCE308004AED58 /* QuickLook.framework */,
				05EE15D31EBCE2F4004AED58 /* Cocoa.framework */,
			);
			name = Frameworks;
			sourceTree = "<group>";
		};
/* End PBXGroup section */

/* Begin PBXNativeTarget section */
		05C34B351E660EA8000A7026 /* Diagnostics */ = {
			isa = PBXNativeTarget;
			buildConfigurationList = 05C34B471E660EA8000A7026 /* Build configuration list for PBXNativeTarget "Diagnostics" */;
			buildPhases = (
				05C34B321E660EA8000A7026 /* Sources */,
				05C34B331E660EA8000A7026 /* Frameworks */,
				057F15761F86915800BD4BF8 /* ShellScript */,
				05C34B341E660EA8000A7026 /* Resources */,
				055F18831F89066D00EBDEE1 /* CopyFiles */,
			);
			buildRules = (
			);
			dependencies = (
				055F18821F89066600EBDEE1 /* PBXTargetDependency */,
			);
			name = Diagnostics;
			productName = CrashReports;
			productReference = 05C34B361E660EA8000A7026 /* Diagnostics.app */;
			productType = "com.apple.product-type.application";
		};
/* End PBXNativeTarget section */

/* Begin PBXProject section */
		05C34B2E1E660EA8000A7026 /* Project object */ = {
			isa = PBXProject;
			attributes = {
				LastUpgradeCheck = 0820;
				ORGANIZATIONNAME = "XS-Labs";
				TargetAttributes = {
					05C34B351E660EA8000A7026 = {
						CreatedOnToolsVersion = 8.2.1;
						DevelopmentTeam = 326Y53CJMD;
						LastSwiftMigration = 0900;
						ProvisioningStyle = Automatic;
					};
				};
			};
			buildConfigurationList = 05C34B311E660EA8000A7026 /* Build configuration list for PBXProject "Diagnostics" */;
			compatibilityVersion = "Xcode 3.2";
			developmentRegion = English;
			hasScannedForEncodings = 0;
			knownRegions = (
				en,
				Base,
			);
			mainGroup = 05C34B2D1E660EA8000A7026;
			productRefGroup = 05C34B371E660EA8000A7026 /* Products */;
			projectDirPath = "";
			projectReferences = (
				{
					ProductGroup = 055F18781F89065800EBDEE1 /* Products */;
					ProjectRef = 055F18771F89065800EBDEE1 /* GitHubUpdates.xcodeproj */;
				},
			);
			projectRoot = "";
			targets = (
				05C34B351E660EA8000A7026 /* Diagnostics */,
			);
		};
/* End PBXProject section */

/* Begin PBXReferenceProxy section */
		055F187D1F89065900EBDEE1 /* GitHubUpdates.framework */ = {
			isa = PBXReferenceProxy;
			fileType = wrapper.framework;
			path = GitHubUpdates.framework;
			remoteRef = 055F187C1F89065900EBDEE1 /* PBXContainerItemProxy */;
			sourceTree = BUILT_PRODUCTS_DIR;
		};
		055F187F1F89065900EBDEE1 /* Relauncher */ = {
			isa = PBXReferenceProxy;
			fileType = "compiled.mach-o.executable";
			path = Relauncher;
			remoteRef = 055F187E1F89065900EBDEE1 /* PBXContainerItemProxy */;
			sourceTree = BUILT_PRODUCTS_DIR;
		};
/* End PBXReferenceProxy section */

/* Begin PBXResourcesBuildPhase section */
		05C34B341E660EA8000A7026 /* Resources */ = {
			isa = PBXResourcesBuildPhase;
			buildActionMask = 2147483647;
			files = (
				057DA9981E6B1AE500CD8732 /* Diagnostics.PreferencesWindowController.xib in Resources */,
				05C34B591E6612BA000A7026 /* Diagnostics.MainWindowController.xib in Resources */,
				055632301E68BC7300CE1AD7 /* Diagnostics.AboutWindowController.xib in Resources */,
				05C34B511E660EF1000A7026 /* MainMenu.xib in Resources */,
				05C45ED81E6750F9003C83B1 /* Defaults.plist in Resources */,
				0556324B1E69C0C500CE1AD7 /* Diagnostics.icns in Resources */,
			);
			runOnlyForDeploymentPostprocessing = 0;
		};
/* End PBXResourcesBuildPhase section */

/* Begin PBXShellScriptBuildPhase section */
		057F15761F86915800BD4BF8 /* ShellScript */ = {
			isa = PBXShellScriptBuildPhase;
			buildActionMask = 2147483647;
			files = (
			);
			inputPaths = (
			);
			outputPaths = (
			);
			runOnlyForDeploymentPostprocessing = 0;
			shellPath = /bin/sh;
			shellScript = "#!/bin/bash\nif [ \"${CONFIGURATION}\" = \"Release\" ]; then\n    plist=\"Diagnostics/Info.plist\"\n    rev=$(git rev-list `git branch | grep -e \"^*\" | cut -d' ' -f 2` | wc -l)\n    /usr/libexec/PlistBuddy -c \"Set :CFBundleVersion $rev\" \"$plist\"\nfi\n";
		};
/* End PBXShellScriptBuildPhase section */

/* Begin PBXSourcesBuildPhase section */
		05C34B321E660EA8000A7026 /* Sources */ = {
			isa = PBXSourcesBuildPhase;
			buildActionMask = 2147483647;
			files = (
				057F15831F86B9C900BD4BF8 /* ArrayCountStringValueTransformer.swift in Sources */,
				057F157A1F86926000BD4BF8 /* Application.swift in Sources */,
				05D727641F86D5C200D58AF7 /* DiagnosticReport.swift in Sources */,
				0556512A1F87D0430068EA35 /* ApplicationDelegate.swift in Sources */,
				055F18761F88F3D600EBDEE1 /* NSArrayController.swift in Sources */,
				0556512C1F87D6560068EA35 /* PreferencesWindowController.swift in Sources */,
				057F15871F86BB4500BD4BF8 /* ArrayIsEmptyValueTransformer.swift in Sources */,
				057F158B1F86BD1A00BD4BF8 /* DiagnosticReportGroup.swift in Sources */,
				0556512E1F87E4EF0068EA35 /* Preferences.swift in Sources */,
				055651301F87F8310068EA35 /* MainWindowController.swift in Sources */,
				057F157F1F86B6E300BD4BF8 /* ArrayCountIsGreaterThanOneValueTransformer.swift in Sources */,
				057F15851F86BACC00BD4BF8 /* ArrayCountValueTransformer.swift in Sources */,
				057F15891F86BB8700BD4BF8 /* ArrayIsNotEmptyValueTransformer.swift in Sources */,
				05DFC7E71F8690E0002E9F6A /* AboutWindowController.swift in Sources */,
				057F15811F86B99500BD4BF8 /* ArrayCountIsOneValueTransformer.swift in Sources */,
			);
			runOnlyForDeploymentPostprocessing = 0;
		};
/* End PBXSourcesBuildPhase section */

/* Begin PBXTargetDependency section */
		055F18821F89066600EBDEE1 /* PBXTargetDependency */ = {
			isa = PBXTargetDependency;
			name = GitHubUpdates;
			targetProxy = 055F18811F89066600EBDEE1 /* PBXContainerItemProxy */;
		};
/* End PBXTargetDependency section */

/* Begin PBXVariantGroup section */
		0556322E1E68BC7300CE1AD7 /* Diagnostics.AboutWindowController.xib */ = {
			isa = PBXVariantGroup;
			children = (
				0556322F1E68BC7300CE1AD7 /* Base */,
			);
			name = Diagnostics.AboutWindowController.xib;
			sourceTree = "<group>";
		};
		057DA9961E6B1AE500CD8732 /* Diagnostics.PreferencesWindowController.xib */ = {
			isa = PBXVariantGroup;
			children = (
				057DA9971E6B1AE500CD8732 /* Base */,
			);
			name = Diagnostics.PreferencesWindowController.xib;
			sourceTree = "<group>";
		};
		05C34B4E1E660EE4000A7026 /* MainMenu.xib */ = {
			isa = PBXVariantGroup;
			children = (
				05C34B4F1E660EE4000A7026 /* Base */,
			);
			name = MainMenu.xib;
			sourceTree = "<group>";
		};
		05C34B571E6612BA000A7026 /* Diagnostics.MainWindowController.xib */ = {
			isa = PBXVariantGroup;
			children = (
				05C34B581E6612BA000A7026 /* Base */,
			);
			name = Diagnostics.MainWindowController.xib;
			sourceTree = "<group>";
		};
/* End PBXVariantGroup section */

/* Begin XCBuildConfiguration section */
		05C34B451E660EA8000A7026 /* Debug */ = {
			isa = XCBuildConfiguration;
			baseConfigurationReference = 0524B1D32141A6C300470A81 /* Debug.xcconfig */;
			buildSettings = {
				CODE_SIGN_IDENTITY = "Mac Developer";
				MACOSX_DEPLOYMENT_TARGET = 10.11;
			};
			name = Debug;
		};
		05C34B461E660EA8000A7026 /* Release */ = {
			isa = XCBuildConfiguration;
			baseConfigurationReference = 0524B1D42141A6C300470A81 /* Release.xcconfig */;
			buildSettings = {
				CODE_SIGN_IDENTITY = "Mac Developer";
				MACOSX_DEPLOYMENT_TARGET = 10.11;
			};
			name = Release;
		};
		05C34B481E660EA8000A7026 /* Debug */ = {
			isa = XCBuildConfiguration;
			buildSettings = {
				INFOPLIST_FILE = Diagnostics/Info.plist;
				LD_RUNPATH_SEARCH_PATHS = "$(inherited) @executable_path/../Frameworks";
				PRODUCT_BUNDLE_IDENTIFIER = "com.xs-labs.Diagnostics";
				PRODUCT_NAME = "$(TARGET_NAME)";
			};
			name = Debug;
		};
		05C34B491E660EA8000A7026 /* Release */ = {
			isa = XCBuildConfiguration;
			buildSettings = {
				INFOPLIST_FILE = Diagnostics/Info.plist;
				LD_RUNPATH_SEARCH_PATHS = "$(inherited) @executable_path/../Frameworks";
				PRODUCT_BUNDLE_IDENTIFIER = "com.xs-labs.Diagnostics";
				PRODUCT_NAME = "$(TARGET_NAME)";
			};
			name = Release;
		};
/* End XCBuildConfiguration section */

/* Begin XCConfigurationList section */
		05C34B311E660EA8000A7026 /* Build configuration list for PBXProject "Diagnostics" */ = {
			isa = XCConfigurationList;
			buildConfigurations = (
				05C34B451E660EA8000A7026 /* Debug */,
				05C34B461E660EA8000A7026 /* Release */,
			);
			defaultConfigurationIsVisible = 0;
			defaultConfigurationName = Release;
		};
		05C34B471E660EA8000A7026 /* Build configuration list for PBXNativeTarget "Diagnostics" */ = {
			isa = XCConfigurationList;
			buildConfigurations = (
				05C34B481E660EA8000A7026 /* Debug */,
				05C34B491E660EA8000A7026 /* Release */,
			);
			defaultConfigurationIsVisible = 0;
			defaultConfigurationName = Release;
		};
/* End XCConfigurationList section */
	};
	rootObject = 05C34B2E1E660EA8000A7026 /* Project object */;
}
